
Microsoft Visual Studio Solution File, Format Version 12.00
# Visual Studio 14
VisualStudioVersion = 14.0.23107.0
MinimumVisualStudioVersion = 10.0.40219.1
Project("{FAE04EC0-301F-11D3-BF4B-00C04F79EFBC}") = "nAlpha", "nAlpha\nAlpha.csproj", "{BE710713-BD39-4848-AFB0-479DB67AA5B1}"
EndProject
Project("{FAE04EC0-301F-11D3-BF4B-00C04F79EFBC}") = "nAlpha.Test", "nAlpha.Test\nAlpha.Test.csproj", "{AACB911B-2D65-449F-A99A-F27D13E1F894}"
EndProject
Project("{FAE04EC0-301F-11D3-BF4B-00C04F79EFBC}") = "nAlpha.Demo", "nAlpha.Demo\nAlpha.Demo.csproj", "{D2B57941-AAD9-4D5C-9BA6-87D11F8FD04C}"
EndProject
Global
	GlobalSection(SolutionConfigurationPlatforms) = preSolution
		Debug|Any CPU = Debug|Any CPU
		Release|Any CPU = Release|Any CPU
	EndGlobalSection
	GlobalSection(ProjectConfigurationPlatforms) = postSolution
		{BE710713-BD39-4848-AFB0-479DB67AA5B1}.Debug|Any CPU.ActiveCfg = Debug|Any CPU
		{BE710713-BD39-4848-AFB0-479DB67AA5B1}.Debug|Any CPU.Build.0 = Debug|Any CPU
		{BE710713-BD39-4848-AFB0-479DB67AA5B1}.Release|Any CPU.ActiveCfg = Release|Any CPU
		{BE710713-BD39-4848-AFB0-479DB67AA5B1}.Release|Any CPU.Build.0 = Release|Any CPU
		{AACB911B-2D65-449F-A99A-F27D13E1F894}.Debug|Any CPU.ActiveCfg = Debug|Any CPU
		{AACB911B-2D65-449F-A99A-F27D13E1F894}.Debug|Any CPU.Build.0 = Debug|Any CPU
		{AACB911B-2D65-449F-A99A-F27D13E1F894}.Release|Any CPU.ActiveCfg = Release|Any CPU
		{AACB911B-2D65-449F-A99A-F27D13E1F894}.Release|Any CPU.Build.0 = Release|Any CPU
		{D2B57941-AAD9-4D5C-9BA6-87D11F8FD04C}.Debug|Any CPU.ActiveCfg = Debug|Any CPU
		{D2B57941-AAD9-4D5C-9BA6-87D11F8FD04C}.Debug|Any CPU.Build.0 = Debug|Any CPU
		{D2B57941-AAD9-4D5C-9BA6-87D11F8FD04C}.Release|Any CPU.ActiveCfg = Release|Any CPU
		{D2B57941-AAD9-4D5C-9BA6-87D11F8FD04C}.Release|Any CPU.Build.0 = Release|Any CPU
	EndGlobalSection
	GlobalSection(SolutionProperties) = preSolution
		HideSolutionNode = FALSE
	EndGlobalSection
EndGlobal
